
Microsoft Visual Studio Solution File, Format Version 12.00
# Visual Studio Version 17
VisualStudioVersion = 17.4.33103.184
MinimumVisualStudioVersion = 10.0.40219.1
Project("{FAE04EC0-301F-11D3-BF4B-00C04F79EFBC}") = "projectwithgopal", "projectwithgopal\projectwithgopal.csproj", "{EE731459-A312-4987-A455-1780DFFFB548}"
EndProject
Global
	GlobalSection(SolutionConfigurationPlatforms) = preSolution
		Debug|Any CPU = Debug|Any CPU
		Release|Any CPU = Release|Any CPU
	EndGlobalSection
	GlobalSection(ProjectConfigurationPlatforms) = postSolution
		{EE731459-A312-4987-A455-1780DFFFB548}.Debug|Any CPU.ActiveCfg = Debug|Any CPU
		{EE731459-A312-4987-A455-1780DFFFB548}.Debug|Any CPU.Build.0 = Debug|Any CPU
		{EE731459-A312-4987-A455-1780DFFFB548}.Release|Any CPU.ActiveCfg = Release|Any CPU
		{EE731459-A312-4987-A455-1780DFFFB548}.Release|Any CPU.Build.0 = Release|Any CPU
	EndGlobalSection
	GlobalSection(SolutionProperties) = preSolution
		HideSolutionNode = FALSE
	EndGlobalSection
	GlobalSection(ExtensibilityGlobals) = postSolution
		SolutionGuid = {0A25B0EE-B86A-4945-A9D4-EEC3274AB879}
	EndGlobalSection
EndGlobal
